{
  "requires": true,
  "lockfileVersion": 1,
  "dependencies": {
    "laravel-echo": {
      "version": "1.4.1",
      "resolved": "https://registry.npmjs.org/laravel-echo/-/laravel-echo-1.4.1.tgz",
      "integrity": "sha512-qJRa9UL2AEnv95X7YYE+RxFr9ojlpXpJe/tRCresRrUv+eA5pDMOu/d3+KdcFqnAXcrJUE8bV5LDHcpOxmxD9A=="
    }
  }
}
